
Microsoft Visual Studio Solution File, Format Version 12.00
# Visual Studio Version 17
VisualStudioVersion = 17.5.002.0
MinimumVisualStudioVersion = 10.0.40219.1
Project("{9A19103F-16F7-4668-BE54-9A1E7A4F7556}") = "Calculator", "Calculator.csproj", "{B1FC020D-BFDB-4B91-909E-5AF1E5F3D855}"
EndProject
Global
	GlobalSection(SolutionConfigurationPlatforms) = preSolution
		Debug|Any CPU = Debug|Any CPU
		Release|Any CPU = Release|Any CPU
	EndGlobalSection
	GlobalSection(ProjectConfigurationPlatforms) = postSolution
		{B1FC020D-BFDB-4B91-909E-5AF1E5F3D855}.Debug|Any CPU.ActiveCfg = Debug|Any CPU
		{B1FC020D-BFDB-4B91-909E-5AF1E5F3D855}.Debug|Any CPU.Build.0 = Debug|Any CPU
		{B1FC020D-BFDB-4B91-909E-5AF1E5F3D855}.Release|Any CPU.ActiveCfg = Release|Any CPU
		{B1FC020D-BFDB-4B91-909E-5AF1E5F3D855}.Release|Any CPU.Build.0 = Release|Any CPU
	EndGlobalSection
	GlobalSection(SolutionProperties) = preSolution
		HideSolutionNode = FALSE
	EndGlobalSection
	GlobalSection(ExtensibilityGlobals) = postSolution
		SolutionGuid = {C28CEDC1-3D28-4D5A-8280-5B16372A56DF}
	EndGlobalSection
EndGlobal
